
Microsoft Visual Studio Solution File, Format Version 12.00
# Visual Studio 2012
Project("{FAE04EC0-301F-11D3-BF4B-00C04F79EFBC}") = "PaintTextBoxClassLib", "PaintTextBoxClassLib\PaintTextBoxClassLib.csproj", "{36DF8DCD-6743-4D99-8ED5-1B4B3F4C72CD}"
EndProject
Project("{FAE04EC0-301F-11D3-BF4B-00C04F79EFBC}") = "PaintTextBoxTest", "PaintTextBoxTest\PaintTextBoxTest.csproj", "{CA81DBBB-F9DF-4736-82B5-C67277D01B0D}"
EndProject
Global
	GlobalSection(SolutionConfigurationPlatforms) = preSolution
		Debug|Any CPU = Debug|Any CPU
		Release|Any CPU = Release|Any CPU
	EndGlobalSection
	GlobalSection(ProjectConfigurationPlatforms) = postSolution
		{36DF8DCD-6743-4D99-8ED5-1B4B3F4C72CD}.Debug|Any CPU.ActiveCfg = Debug|Any CPU
		{36DF8DCD-6743-4D99-8ED5-1B4B3F4C72CD}.Debug|Any CPU.Build.0 = Debug|Any CPU
		{36DF8DCD-6743-4D99-8ED5-1B4B3F4C72CD}.Release|Any CPU.ActiveCfg = Release|Any CPU
		{36DF8DCD-6743-4D99-8ED5-1B4B3F4C72CD}.Release|Any CPU.Build.0 = Release|Any CPU
		{CA81DBBB-F9DF-4736-82B5-C67277D01B0D}.Debug|Any CPU.ActiveCfg = Debug|Any CPU
		{CA81DBBB-F9DF-4736-82B5-C67277D01B0D}.Debug|Any CPU.Build.0 = Debug|Any CPU
		{CA81DBBB-F9DF-4736-82B5-C67277D01B0D}.Release|Any CPU.ActiveCfg = Release|Any CPU
		{CA81DBBB-F9DF-4736-82B5-C67277D01B0D}.Release|Any CPU.Build.0 = Release|Any CPU
	EndGlobalSection
	GlobalSection(SolutionProperties) = preSolution
		HideSolutionNode = FALSE
	EndGlobalSection
EndGlobal
